
Microsoft Visual Studio Solution File, Format Version 12.00
# Visual Studio Version 16
VisualStudioVersion = 16.0.30011.22
MinimumVisualStudioVersion = 10.0.40219.1
Project("{9A19103F-16F7-4668-BE54-9A1E7A4F7556}") = "GetVenuePhoto", "GetVenuePhoto\GetVenuePhoto.csproj", "{C807745E-251B-451D-85FA-D8A03F80069B}"
EndProject
Global
	GlobalSection(SolutionConfigurationPlatforms) = preSolution
		Debug|Any CPU = Debug|Any CPU
		Release|Any CPU = Release|Any CPU
	EndGlobalSection
	GlobalSection(ProjectConfigurationPlatforms) = postSolution
		{C807745E-251B-451D-85FA-D8A03F80069B}.Debug|Any CPU.ActiveCfg = Debug|Any CPU
		{C807745E-251B-451D-85FA-D8A03F80069B}.Debug|Any CPU.Build.0 = Debug|Any CPU
		{C807745E-251B-451D-85FA-D8A03F80069B}.Release|Any CPU.ActiveCfg = Release|Any CPU
		{C807745E-251B-451D-85FA-D8A03F80069B}.Release|Any CPU.Build.0 = Release|Any CPU
	EndGlobalSection
	GlobalSection(SolutionProperties) = preSolution
		HideSolutionNode = FALSE
	EndGlobalSection
	GlobalSection(ExtensibilityGlobals) = postSolution
		SolutionGuid = {EB7A4858-2951-4E37-AF15-1AC093677899}
	EndGlobalSection
EndGlobal
